// !$*UTF8*$!
{
	archiveVersion = 1;
	classes = {
	};
	objectVersion = 46;
	objects = {

/* Begin PBXBuildFile section */
		4053076E1C56C2C500BFCA0D /* main.m in Sources */ = {isa = PBXBuildFile; fileRef = 4053076D1C56C2C500BFCA0D /* main.m */; };
		405307711C56C2C500BFCA0D /* AppDelegate.m in Sources */ = {isa = PBXBuildFile; fileRef = 405307701C56C2C500BFCA0D /* AppDelegate.m */; };
		405307741C56C2C500BFCA0D /* ViewController.m in Sources */ = {isa = PBXBuildFile; fileRef = 405307731C56C2C500BFCA0D /* ViewController.m */; };
		405307771C56C2C500BFCA0D /* Main.storyboard in Resources */ = {isa = PBXBuildFile; fileRef = 405307751C56C2C500BFCA0D /* Main.storyboard */; };
		405307791C56C2C500BFCA0D /* Assets.xcassets in Resources */ = {isa = PBXBuildFile; fileRef = 405307781C56C2C500BFCA0D /* Assets.xcassets */; };
		4053077C1C56C2C500BFCA0D /* LaunchScreen.storyboard in Resources */ = {isa = PBXBuildFile; fileRef = 4053077A1C56C2C500BFCA0D /* LaunchScreen.storyboard */; };
		405307871C56C2C500BFCA0D /* IAPExampleTests.m in Sources */ = {isa = PBXBuildFile; fileRef = 405307861C56C2C500BFCA0D /* IAPExampleTests.m */; };
		405307921C56C2C500BFCA0D /* IAPExampleUITests.m in Sources */ = {isa = PBXBuildFile; fileRef = 405307911C56C2C500BFCA0D /* IAPExampleUITests.m */; };
/* End PBXBuildFile section */

/* Begin PBXContainerItemProxy section */
		405307831C56C2C500BFCA0D /* PBXContainerItemProxy */ = {
			isa = PBXContainerItemProxy;
			containerPortal = 405307611C56C2C500BFCA0D /* Project object */;
			proxyType = 1;
			remoteGlobalIDString = 405307681C56C2C500BFCA0D;
			remoteInfo = IAPExample;
		};
		4053078E1C56C2C500BFCA0D /* PBXContainerItemProxy */ = {
			isa = PBXContainerItemProxy;
			containerPortal = 405307611C56C2C500BFCA0D /* Project object */;
			proxyType = 1;
			remoteGlobalIDString = 405307681C56C2C500BFCA0D;
			remoteInfo = IAPExample;
		};
/* End PBXContainerItemProxy section */

/* Begin PBXFileReference section */
		405307691C56C2C500BFCA0D /* IAPExample.app */ = {isa = PBXFileReference; explicitFileType = wrapper.application; includeInIndex = 0; path = IAPExample.app; sourceTree = BUILT_PRODUCTS_DIR; };
		4053076D1C56C2C500BFCA0D /* main.m */ = {isa = PBXFileReference; lastKnownFileType = sourcecode.c.objc; path = main.m; sourceTree = "<group>"; };
		4053076F1C56C2C500BFCA0D /* AppDelegate.h */ = {isa = PBXFileReference; lastKnownFileType = sourcecode.c.h; path = AppDelegate.h; sourceTree = "<group>"; };
		405307701C56C2C500BFCA0D /* AppDelegate.m */ = {isa = PBXFileReference; lastKnownFileType = sourcecode.c.objc; path = AppDelegate.m; sourceTree = "<group>"; };
		405307721C56C2C500BFCA0D /* ViewController.h */ = {isa = PBXFileReference; lastKnownFileType = sourcecode.c.h; path = ViewController.h; sourceTree = "<group>"; };
		405307731C56C2C500BFCA0D /* ViewController.m */ = {isa = PBXFileReference; lastKnownFileType = sourcecode.c.objc; path = ViewController.m; sourceTree = "<group>"; };
		405307761C56C2C500BFCA0D /* Base */ = {isa = PBXFileReference; lastKnownFileType = file.storyboard; name = Base; path = Base.lproj/Main.storyboard; sourceTree = "<group>"; };
		405307781C56C2C500BFCA0D /* Assets.xcassets */ = {isa = PBXFileReference; lastKnownFileType = folder.assetcatalog; path = Assets.xcassets; sourceTree = "<group>"; };
		4053077B1C56C2C500BFCA0D /* Base */ = {isa = PBXFileReference; lastKnownFileType = file.storyboard; name = Base; path = Base.lproj/LaunchScreen.storyboard; sourceTree = "<group>"; };
		4053077D1C56C2C500BFCA0D /* Info.plist */ = {isa = PBXFileReference; lastKnownFileType = text.plist.xml; path = Info.plist; sourceTree = "<group>"; };
		405307821C56C2C500BFCA0D /* IAPExampleTests.xctest */ = {isa = PBXFileReference; explicitFileType = wrapper.cfbundle; includeInIndex = 0; path = IAPExampleTests.xctest; sourceTree = BUILT_PRODUCTS_DIR; };
		405307861C56C2C500BFCA0D /* IAPExampleTests.m */ = {isa = PBXFileReference; lastKnownFileType = sourcecode.c.objc; path = IAPExampleTests.m; sourceTree = "<group>"; };
		405307881C56C2C500BFCA0D /* Info.plist */ = {isa = PBXFileReference; lastKnownFileType = text.plist.xml; path = Info.plist; sourceTree = "<group>"; };
		4053078D1C56C2C500BFCA0D /* IAPExampleUITests.xctest */ = {isa = PBXFileReference; explicitFileType = wrapper.cfbundle; includeInIndex = 0; path = IAPExampleUITests.xctest; sourceTree = BUILT_PRODUCTS_DIR; };
		405307911C56C2C500BFCA0D /* IAPExampleUITests.m */ = {isa = PBXFileReference; lastKnownFileType = sourcecode.c.objc; path = IAPExampleUITests.m; sourceTree = "<group>"; };
		405307931C56C2C500BFCA0D /* Info.plist */ = {isa = PBXFileReference; lastKnownFileType = text.plist.xml; path = Info.plist; sourceTree = "<group>"; };
/* End PBXFileReference section */

/* Begin PBXFrameworksBuildPhase section */
		405307661C56C2C500BFCA0D /* Frameworks */ = {
			isa = PBXFrameworksBuildPhase;
			buildActionMask = 2147483647;
			files = (
			);
			runOnlyForDeploymentPostprocessing = 0;
		};
		4053077F1C56C2C500BFCA0D /* Frameworks */ = {
			isa = PBXFrameworksBuildPhase;
			buildActionMask = 2147483647;
			files = (
			);
			runOnlyForDeploymentPostprocessing = 0;
		};
		4053078A1C56C2C500BFCA0D /* Frameworks */ = {
			isa = PBXFrameworksBuildPhase;
			buildActionMask = 2147483647;
			files = (
			);
			runOnlyForDeploymentPostprocessing = 0;
		};
/* End PBXFrameworksBuildPhase section */

/* Begin PBXGroup section */
		405307601C56C2C500BFCA0D = {
			isa = PBXGroup;
			children = (
				4053076B1C56C2C500BFCA0D /* IAPExample */,
				405307851C56C2C500BFCA0D /* IAPExampleTests */,
				405307901C56C2C500BFCA0D /* IAPExampleUITests */,
				4053076A1C56C2C500BFCA0D /* Products */,
			);
			sourceTree = "<group>";
		};
		4053076A1C56C2C500BFCA0D /* Products */ = {
			isa = PBXGroup;
			children = (
				405307691C56C2C500BFCA0D /* IAPExample.app */,
				405307821C56C2C500BFCA0D /* IAPExampleTests.xctest */,
				4053078D1C56C2C500BFCA0D /* IAPExampleUITests.xctest */,
			);
			name = Products;
			sourceTree = "<group>";
		};
		4053076B1C56C2C500BFCA0D /* IAPExample */ = {
			isa = PBXGroup;
			children = (
				4053076F1C56C2C500BFCA0D /* AppDelegate.h */,
				405307701C56C2C500BFCA0D /* AppDelegate.m */,
				405307721C56C2C500BFCA0D /* ViewController.h */,
				405307731C56C2C500BFCA0D /* ViewController.m */,
				405307751C56C2C500BFCA0D /* Main.storyboard */,
				405307781C56C2C500BFCA0D /* Assets.xcassets */,
				4053077A1C56C2C500BFCA0D /* LaunchScreen.storyboard */,
				4053077D1C56C2C500BFCA0D /* Info.plist */,
				4053076C1C56C2C500BFCA0D /* Supporting Files */,
			);
			path = IAPExample;
			sourceTree = "<group>";
		};
		4053076C1C56C2C500BFCA0D /* Supporting Files */ = {
			isa = PBXGroup;
			children = (
				4053076D1C56C2C500BFCA0D /* main.m */,
			);
			name = "Supporting Files";
			sourceTree = "<group>";
		};
		405307851C56C2C500BFCA0D /* IAPExampleTests */ = {
			isa = PBXGroup;
			children = (
				405307861C56C2C500BFCA0D /* IAPExampleTests.m */,
				405307881C56C2C500BFCA0D /* Info.plist */,
			);
			path = IAPExampleTests;
			sourceTree = "<group>";
		};
		405307901C56C2C500BFCA0D /* IAPExampleUITests */ = {
			isa = PBXGroup;
			children = (
				405307911C56C2C500BFCA0D /* IAPExampleUITests.m */,
				405307931C56C2C500BFCA0D /* Info.plist */,
			);
			path = IAPExampleUITests;
			sourceTree = "<group>";
		};
/* End PBXGroup section */

/* Begin PBXNativeTarget section */
		405307681C56C2C500BFCA0D /* IAPExample */ = {
			isa = PBXNativeTarget;
			buildConfigurationList = 405307961C56C2C500BFCA0D /* Build configuration list for PBXNativeTarget "IAPExample" */;
			buildPhases = (
				405307651C56C2C500BFCA0D /* Sources */,
				405307661C56C2C500BFCA0D /* Frameworks */,
				405307671C56C2C500BFCA0D /* Resources */,
			);
			buildRules = (
			);
			dependencies = (
			);
			name = IAPExample;
			productName = IAPExample;
			productReference = 405307691C56C2C500BFCA0D /* IAPExample.app */;
			productType = "com.apple.product-type.application";
		};
		405307811C56C2C500BFCA0D /* IAPExampleTests */ = {
			isa = PBXNativeTarget;
			buildConfigurationList = 405307991C56C2C500BFCA0D /* Build configuration list for PBXNativeTarget "IAPExampleTests" */;
			buildPhases = (
				4053077E1C56C2C500BFCA0D /* Sources */,
				4053077F1C56C2C500BFCA0D /* Frameworks */,
				405307801C56C2C500BFCA0D /* Resources */,
			);
			buildRules = (
			);
			dependencies = (
				405307841C56C2C500BFCA0D /* PBXTargetDependency */,
			);
			name = IAPExampleTests;
			productName = IAPExampleTests;
			productReference = 405307821C56C2C500BFCA0D /* IAPExampleTests.xctest */;
			productType = "com.apple.product-type.bundle.unit-test";
		};
		4053078C1C56C2C500BFCA0D /* IAPExampleUITests */ = {
			isa = PBXNativeTarget;
			buildConfigurationList = 4053079C1C56C2C500BFCA0D /* Build configuration list for PBXNativeTarget "IAPExampleUITests" */;
			buildPhases = (
				405307891C56C2C500BFCA0D /* Sources */,
				4053078A1C56C2C500BFCA0D /* Frameworks */,
				4053078B1C56C2C500BFCA0D /* Resources */,
			);
			buildRules = (
			);
			dependencies = (
				4053078F1C56C2C500BFCA0D /* PBXTargetDependency */,
			);
			name = IAPExampleUITests;
			productName = IAPExampleUITests;
			productReference = 4053078D1C56C2C500BFCA0D /* IAPExampleUITests.xctest */;
			productType = "com.apple.product-type.bundle.ui-testing";
		};
/* End PBXNativeTarget section */

/* Begin PBXProject section */
		405307611C56C2C500BFCA0D /* Project object */ = {
			isa = PBXProject;
			attributes = {
				LastUpgradeCheck = 0720;
				ORGANIZATIONNAME = "Claudio Yacarini";
				TargetAttributes = {
					405307681C56C2C500BFCA0D = {
						CreatedOnToolsVersion = 7.2;
					};
					405307811C56C2C500BFCA0D = {
						CreatedOnToolsVersion = 7.2;
						TestTargetID = 405307681C56C2C500BFCA0D;
					};
					4053078C1C56C2C500BFCA0D = {
						CreatedOnToolsVersion = 7.2;
						TestTargetID = 405307681C56C2C500BFCA0D;
					};
				};
			};
			buildConfigurationList = 405307641C56C2C500BFCA0D /* Build configuration list for PBXProject "IAPExample" */;
			compatibilityVersion = "Xcode 3.2";
			developmentRegion = English;
			hasScannedForEncodings = 0;
			knownRegions = (
				en,
				Base,
			);
			mainGroup = 405307601C56C2C500BFCA0D;
			productRefGroup = 4053076A1C56C2C500BFCA0D /* Products */;
			projectDirPath = "";
			projectRoot = "";
			targets = (
				405307681C56C2C500BFCA0D /* IAPExample */,
				405307811C56C2C500BFCA0D /* IAPExampleTests */,
				4053078C1C56C2C500BFCA0D /* IAPExampleUITests */,
			);
		};
/* End PBXProject section */

/* Begin PBXResourcesBuildPhase section */
		405307671C56C2C500BFCA0D /* Resources */ = {
			isa = PBXResourcesBuildPhase;
			buildActionMask = 2147483647;
			files = (
				4053077C1C56C2C500BFCA0D /* LaunchScreen.storyboard in Resources */,
				405307791C56C2C500BFCA0D /* Assets.xcassets in Resources */,
				405307771C56C2C500BFCA0D /* Main.storyboard in Resources */,
			);
			runOnlyForDeploymentPostprocessing = 0;
		};
		405307801C56C2C500BFCA0D /* Resources */ = {
			isa = PBXResourcesBuildPhase;
			buildActionMask = 2147483647;
			files = (
			);
			runOnlyForDeploymentPostprocessing = 0;
		};
		4053078B1C56C2C500BFCA0D /* Resources */ = {
			isa = PBXResourcesBuildPhase;
			buildActionMask = 2147483647;
			files = (
			);
			runOnlyForDeploymentPostprocessing = 0;
		};
/* End PBXResourcesBuildPhase section */

/* Begin PBXSourcesBuildPhase section */
		405307651C56C2C500BFCA0D /* Sources */ = {
			isa = PBXSourcesBuildPhase;
			buildActionMask = 2147483647;
			files = (
				405307741C56C2C500BFCA0D /* ViewController.m in Sources */,
				405307711C56C2C500BFCA0D /* AppDelegate.m in Sources */,
				4053076E1C56C2C500BFCA0D /* main.m in Sources */,
			);
			runOnlyForDeploymentPostprocessing = 0;
		};
		4053077E1C56C2C500BFCA0D /* Sources */ = {
			isa = PBXSourcesBuildPhase;
			buildActionMask = 2147483647;
			files = (
				405307871C56C2C500BFCA0D /* IAPExampleTests.m in Sources */,
			);
			runOnlyForDeploymentPostprocessing = 0;
		};
		405307891C56C2C500BFCA0D /* Sources */ = {
			isa = PBXSourcesBuildPhase;
			buildActionMask = 2147483647;
			files = (
				405307921C56C2C500BFCA0D /* IAPExampleUITests.m in Sources */,
			);
			runOnlyForDeploymentPostprocessing = 0;
		};
/* End PBXSourcesBuildPhase section */

/* Begin PBXTargetDependency section */
		405307841C56C2C500BFCA0D /* PBXTargetDependency */ = {
			isa = PBXTargetDependency;
			target = 405307681C56C2C500BFCA0D /* IAPExample */;
			targetProxy = 405307831C56C2C500BFCA0D /* PBXContainerItemProxy */;
		};
		4053078F1C56C2C500BFCA0D /* PBXTargetDependency */ = {
			isa = PBXTargetDependency;
			target = 405307681C56C2C500BFCA0D /* IAPExample */;
			targetProxy = 4053078E1C56C2C500BFCA0D /* PBXContainerItemProxy */;
		};
/* End PBXTargetDependency section */

/* Begin PBXVariantGroup section */
		405307751C56C2C500BFCA0D /* Main.storyboard */ = {
			isa = PBXVariantGroup;
			children = (
				405307761C56C2C500BFCA0D /* Base */,
			);
			name = Main.storyboard;
			sourceTree = "<group>";
		};
		4053077A1C56C2C500BFCA0D /* LaunchScreen.storyboard */ = {
			isa = PBXVariantGroup;
			children = (
				4053077B1C56C2C500BFCA0D /* Base */,
			);
			name = LaunchScreen.storyboard;
			sourceTree = "<group>";
		};
/* End PBXVariantGroup section */

/* Begin XCBuildConfiguration section */
		405307941C56C2C500BFCA0D /* Debug */ = {
			isa = XCBuildConfiguration;
			buildSettings = {
				ALWAYS_SEARCH_USER_PATHS = NO;
				CLANG_CXX_LANGUAGE_STANDARD = "gnu++0x";
				CLANG_CXX_LIBRARY = "libc++";
				CLANG_ENABLE_MODULES = YES;
				CLANG_ENABLE_OBJC_ARC = YES;
				CLANG_WARN_BOOL_CONVERSION = YES;
				CLANG_WARN_CONSTANT_CONVERSION = YES;
				CLANG_WARN_DIRECT_OBJC_ISA_USAGE = YES_ERROR;
				CLANG_WARN_EMPTY_BODY = YES;
				CLANG_WARN_ENUM_CONVERSION = YES;
				CLANG_WARN_INT_CONVERSION = YES;
				CLANG_WARN_OBJC_ROOT_CLASS = YES_ERROR;
				CLANG_WARN_UNREACHABLE_CODE = YES;
				CLANG_WARN__DUPLICATE_METHOD_MATCH = YES;
				"CODE_SIGN_IDENTITY[sdk=iphoneos*]" = "iPhone Developer";
				COPY_PHASE_STRIP = NO;
				DEBUG_INFORMATION_FORMAT = dwarf;
				ENABLE_STRICT_OBJC_MSGSEND = YES;
				ENABLE_TESTABILITY = YES;
				GCC_C_LANGUAGE_STANDARD = gnu99;
				GCC_DYNAMIC_NO_PIC = NO;
				GCC_NO_COMMON_BLOCKS = YES;
				GCC_OPTIMIZATION_LEVEL = 0;
				GCC_PREPROCESSOR_DEFINITIONS = (
					"DEBUG=1",
					"$(inherited)",
				);
				GCC_WARN_64_TO_32_BIT_CONVERSION = YES;
				GCC_WARN_ABOUT_RETURN_TYPE = YES_ERROR;
				GCC_WARN_UNDECLARED_SELECTOR = YES;
				GCC_WARN_UNINITIALIZED_AUTOS = YES_AGGRESSIVE;
				GCC_WARN_UNUSED_FUNCTION = YES;
				GCC_WARN_UNUSED_VARIABLE = YES;
				IPHONEOS_DEPLOYMENT_TARGET = 9.2;
				MTL_ENABLE_DEBUG_INFO = YES;
				ONLY_ACTIVE_ARCH = YES;
				SDKROOT = iphoneos;
			};
			name = Debug;
		};
		405307951C56C2C500BFCA0D /* Release */ = {
			isa = XCBuildConfiguration;
			buildSettings = {
				ALWAYS_SEARCH_USER_PATHS = NO;
				CLANG_CXX_LANGUAGE_STANDARD = "gnu++0x";
				CLANG_CXX_LIBRARY = "libc++";
				CLANG_ENABLE_MODULES = YES;
				CLANG_ENABLE_OBJC_ARC = YES;
				CLANG_WARN_BOOL_CONVERSION = YES;
				CLANG_WARN_CONSTANT_CONVERSION = YES;
				CLANG_WARN_DIRECT_OBJC_ISA_USAGE = YES_ERROR;
				CLANG_WARN_EMPTY_BODY = YES;
				CLANG_WARN_ENUM_CONVERSION = YES;
				CLANG_WARN_INT_CONVERSION = YES;
				CLANG_WARN_OBJC_ROOT_CLASS = YES_ERROR;
				CLANG_WARN_UNREACHABLE_CODE = YES;
				CLANG_WARN__DUPLICATE_METHOD_MATCH = YES;
				"CODE_SIGN_IDENTITY[sdk=iphoneos*]" = "iPhone Developer";
				COPY_PHASE_STRIP = NO;
				DEBUG_INFORMATION_FORMAT = "dwarf-with-dsym";
				ENABLE_NS_ASSERTIONS = NO;
				ENABLE_STRICT_OBJC_MSGSEND = YES;
				GCC_C_LANGUAGE_STANDARD = gnu99;
				GCC_NO_COMMON_BLOCKS = YES;
				GCC_WARN_64_TO_32_BIT_CONVERSION = YES;
				GCC_WARN_ABOUT_RETURN_TYPE = YES_ERROR;
				GCC_WARN_UNDECLARED_SELECTOR = YES;
				GCC_WARN_UNINITIALIZED_AUTOS = YES_AGGRESSIVE;
				GCC_WARN_UNUSED_FUNCTION = YES;
				GCC_WARN_UNUSED_VARIABLE = YES;
				IPHONEOS_DEPLOYMENT_TARGET = 9.2;
				MTL_ENABLE_DEBUG_INFO = NO;
				SDKROOT = iphoneos;
				VALIDATE_PRODUCT = YES;
			};
			name = Release;
		};
		405307971C56C2C500BFCA0D /* Debug */ = {
			isa = XCBuildConfiguration;
			buildSettings = {
				ASSETCATALOG_COMPILER_APPICON_NAME = AppIcon;
				INFOPLIST_FILE = IAPExample/Info.plist;
				LD_RUNPATH_SEARCH_PATHS = "$(inherited) @executable_path/Frameworks";
				PRODUCT_BUNDLE_IDENTIFIER = pe.yacarini.tests.IAPExample;
				PRODUCT_NAME = "$(TARGET_NAME)";
			};
			name = Debug;
		};
		405307981C56C2C500BFCA0D /* Release */ = {
			isa = XCBuildConfiguration;
			buildSettings = {
				ASSETCATALOG_COMPILER_APPICON_NAME = AppIcon;
				INFOPLIST_FILE = IAPExample/Info.plist;
				LD_RUNPATH_SEARCH_PATHS = "$(inherited) @executable_path/Frameworks";
				PRODUCT_BUNDLE_IDENTIFIER = pe.yacarini.tests.IAPExample;
				PRODUCT_NAME = "$(TARGET_NAME)";
			};
			name = Release;
		};
		4053079A1C56C2C500BFCA0D /* Debug */ = {
			isa = XCBuildConfiguration;
			buildSettings = {
				BUNDLE_LOADER = "$(TEST_HOST)";
				INFOPLIST_FILE = IAPExampleTests/Info.plist;
				LD_RUNPATH_SEARCH_PATHS = "$(inherited) @executable_path/Frameworks @loader_path/Frameworks";
				PRODUCT_BUNDLE_IDENTIFIER = pe.yacarini.tests.IAPExampleTests;
				PRODUCT_NAME = "$(TARGET_NAME)";
				TEST_HOST = "$(BUILT_PRODUCTS_DIR)/IAPExample.app/IAPExample";
			};
			name = Debug;
		};
		4053079B1C56C2C500BFCA0D /* Release */ = {
			isa = XCBuildConfiguration;
			buildSettings = {
				BUNDLE_LOADER = "$(TEST_HOST)";
				INFOPLIST_FILE = IAPExampleTests/Info.plist;
				LD_RUNPATH_SEARCH_PATHS = "$(inherited) @executable_path/Frameworks @loader_path/Frameworks";
				PRODUCT_BUNDLE_IDENTIFIER = pe.yacarini.tests.IAPExampleTests;
				PRODUCT_NAME = "$(TARGET_NAME)";
				TEST_HOST = "$(BUILT_PRODUCTS_DIR)/IAPExample.app/IAPExample";
			};
			name = Release;
		};
		4053079D1C56C2C500BFCA0D /* Debug */ = {
			isa = XCBuildConfiguration;
			buildSettings = {
				INFOPLIST_FILE = IAPExampleUITests/Info.plist;
				LD_RUNPATH_SEARCH_PATHS = "$(inherited) @executable_path/Frameworks @loader_path/Frameworks";
				PRODUCT_BUNDLE_IDENTIFIER = pe.yacarini.tests.IAPExampleUITests;
				PRODUCT_NAME = "$(TARGET_NAME)";
				TEST_TARGET_NAME = IAPExample;
				USES_XCTRUNNER = YES;
			};
			name = Debug;
		};
		4053079E1C56C2C500BFCA0D /* Release */ = {
			isa = XCBuildConfiguration;
			buildSettings = {
				INFOPLIST_FILE = IAPExampleUITests/Info.plist;
				LD_RUNPATH_SEARCH_PATHS = "$(inherited) @executable_path/Frameworks @loader_path/Frameworks";
				PRODUCT_BUNDLE_IDENTIFIER = pe.yacarini.tests.IAPExampleUITests;
				PRODUCT_NAME = "$(TARGET_NAME)";
				TEST_TARGET_NAME = IAPExample;
				USES_XCTRUNNER = YES;
			};
			name = Release;
		};
/* End XCBuildConfiguration section */

/* Begin XCConfigurationList section */
		405307641C56C2C500BFCA0D /* Build configuration list for PBXProject "IAPExample" */ = {
			isa = XCConfigurationList;
			buildConfigurations = (
				405307941C56C2C500BFCA0D /* Debug */,
				405307951C56C2C500BFCA0D /* Release */,
			);
			defaultConfigurationIsVisible = 0;
			defaultConfigurationName = Release;
		};
		405307961C56C2C500BFCA0D /* Build configuration list for PBXNativeTarget "IAPExample" */ = {
			isa = XCConfigurationList;
			buildConfigurations = (
				405307971C56C2C500BFCA0D /* Debug */,
				405307981C56C2C500BFCA0D /* Release */,
			);
			defaultConfigurationIsVisible = 0;
		};
		405307991C56C2C500BFCA0D /* Build configuration list for PBXNativeTarget "IAPExampleTests" */ = {
			isa = XCConfigurationList;
			buildConfigurations = (
				4053079A1C56C2C500BFCA0D /* Debug */,
				4053079B1C56C2C500BFCA0D /* Release */,
			);
			defaultConfigurationIsVisible = 0;
		};
		4053079C1C56C2C500BFCA0D /* Build configuration list for PBXNativeTarget "IAPExampleUITests" */ = {
			isa = XCConfigurationList;
			buildConfigurations = (
				4053079D1C56C2C500BFCA0D /* Debug */,
				4053079E1C56C2C500BFCA0D /* Release */,
			);
			defaultConfigurationIsVisible = 0;
		};
/* End XCConfigurationList section */
	};
	rootObject = 405307611C56C2C500BFCA0D /* Project object */;
}
