// !$*UTF8*$!
{
	archiveVersion = 1;
	classes = {
	};
	objectVersion = 46;
	objects = {

/* Begin PBXBuildFile section */
		405307AC1C56C5CE00BFCA0D /* Cadenas.m in Sources */ = {isa = PBXBuildFile; fileRef = 405307AB1C56C5CE00BFCA0D /* Cadenas.m */; };
		405307B61C56D97E00BFCA0D /* Arrays.m in Sources */ = {isa = PBXBuildFile; fileRef = 405307B51C56D97E00BFCA0D /* Arrays.m */; };
		405307B81C56DDF700BFCA0D /* CustomObjects.m in Sources */ = {isa = PBXBuildFile; fileRef = 405307B71C56DDF700BFCA0D /* CustomObjects.m */; };
		405307BF1C56E02E00BFCA0D /* Animal.m in Sources */ = {isa = PBXBuildFile; fileRef = 405307BE1C56E02E00BFCA0D /* Animal.m */; };
		405307C41C57E93B00BFCA0D /* Koala.m in Sources */ = {isa = PBXBuildFile; fileRef = 405307C31C57E93B00BFCA0D /* Koala.m */; };
		405307C71C57EBD700BFCA0D /* Animal+Exam.m in Sources */ = {isa = PBXBuildFile; fileRef = 405307C61C57EBD700BFCA0D /* Animal+Exam.m */; };
/* End PBXBuildFile section */

/* Begin PBXCopyFilesBuildPhase section */
		405307A61C56C5CE00BFCA0D /* CopyFiles */ = {
			isa = PBXCopyFilesBuildPhase;
			buildActionMask = 2147483647;
			dstPath = /usr/share/man/man1/;
			dstSubfolderSpec = 0;
			files = (
			);
			runOnlyForDeploymentPostprocessing = 1;
		};
/* End PBXCopyFilesBuildPhase section */

/* Begin PBXFileReference section */
		405307A81C56C5CE00BFCA0D /* basicoConsola */ = {isa = PBXFileReference; explicitFileType = "compiled.mach-o.executable"; includeInIndex = 0; path = basicoConsola; sourceTree = BUILT_PRODUCTS_DIR; };
		405307AB1C56C5CE00BFCA0D /* Cadenas.m */ = {isa = PBXFileReference; lastKnownFileType = sourcecode.c.objc; path = Cadenas.m; sourceTree = "<group>"; };
		405307B51C56D97E00BFCA0D /* Arrays.m */ = {isa = PBXFileReference; fileEncoding = 4; lastKnownFileType = sourcecode.c.objc; path = Arrays.m; sourceTree = "<group>"; };
		405307B71C56DDF700BFCA0D /* CustomObjects.m */ = {isa = PBXFileReference; fileEncoding = 4; lastKnownFileType = sourcecode.c.objc; path = CustomObjects.m; sourceTree = "<group>"; };
		405307BD1C56E02E00BFCA0D /* Animal.h */ = {isa = PBXFileReference; fileEncoding = 4; lastKnownFileType = sourcecode.c.h; path = Animal.h; sourceTree = "<group>"; };
		405307BE1C56E02E00BFCA0D /* Animal.m */ = {isa = PBXFileReference; fileEncoding = 4; lastKnownFileType = sourcecode.c.objc; path = Animal.m; sourceTree = "<group>"; };
		405307C21C57E93B00BFCA0D /* Koala.h */ = {isa = PBXFileReference; fileEncoding = 4; lastKnownFileType = sourcecode.c.h; path = Koala.h; sourceTree = "<group>"; };
		405307C31C57E93B00BFCA0D /* Koala.m */ = {isa = PBXFileReference; fileEncoding = 4; lastKnownFileType = sourcecode.c.objc; path = Koala.m; sourceTree = "<group>"; };
		405307C51C57EBD700BFCA0D /* Animal+Exam.h */ = {isa = PBXFileReference; fileEncoding = 4; lastKnownFileType = sourcecode.c.h; path = "Animal+Exam.h"; sourceTree = "<group>"; };
		405307C61C57EBD700BFCA0D /* Animal+Exam.m */ = {isa = PBXFileReference; fileEncoding = 4; lastKnownFileType = sourcecode.c.objc; path = "Animal+Exam.m"; sourceTree = "<group>"; };
/* End PBXFileReference section */

/* Begin PBXFrameworksBuildPhase section */
		405307A51C56C5CE00BFCA0D /* Frameworks */ = {
			isa = PBXFrameworksBuildPhase;
			buildActionMask = 2147483647;
			files = (
			);
			runOnlyForDeploymentPostprocessing = 0;
		};
/* End PBXFrameworksBuildPhase section */

/* Begin PBXGroup section */
		4053079F1C56C5CE00BFCA0D = {
			isa = PBXGroup;
			children = (
				405307AA1C56C5CE00BFCA0D /* basicoConsola */,
				405307A91C56C5CE00BFCA0D /* Products */,
			);
			sourceTree = "<group>";
		};
		405307A91C56C5CE00BFCA0D /* Products */ = {
			isa = PBXGroup;
			children = (
				405307A81C56C5CE00BFCA0D /* basicoConsola */,
			);
			name = Products;
			sourceTree = "<group>";
		};
		405307AA1C56C5CE00BFCA0D /* basicoConsola */ = {
			isa = PBXGroup;
			children = (
				405307AB1C56C5CE00BFCA0D /* Cadenas.m */,
				405307B51C56D97E00BFCA0D /* Arrays.m */,
				405307B71C56DDF700BFCA0D /* CustomObjects.m */,
				405307BD1C56E02E00BFCA0D /* Animal.h */,
				405307BE1C56E02E00BFCA0D /* Animal.m */,
				405307C21C57E93B00BFCA0D /* Koala.h */,
				405307C31C57E93B00BFCA0D /* Koala.m */,
				405307C51C57EBD700BFCA0D /* Animal+Exam.h */,
				405307C61C57EBD700BFCA0D /* Animal+Exam.m */,
			);
			path = basicoConsola;
			sourceTree = "<group>";
		};
/* End PBXGroup section */

/* Begin PBXNativeTarget section */
		405307A71C56C5CE00BFCA0D /* basicoConsola */ = {
			isa = PBXNativeTarget;
			buildConfigurationList = 405307AF1C56C5CE00BFCA0D /* Build configuration list for PBXNativeTarget "basicoConsola" */;
			buildPhases = (
				405307A41C56C5CE00BFCA0D /* Sources */,
				405307A51C56C5CE00BFCA0D /* Frameworks */,
				405307A61C56C5CE00BFCA0D /* CopyFiles */,
			);
			buildRules = (
			);
			dependencies = (
			);
			name = basicoConsola;
			productName = basicoConsola;
			productReference = 405307A81C56C5CE00BFCA0D /* basicoConsola */;
			productType = "com.apple.product-type.tool";
		};
/* End PBXNativeTarget section */

/* Begin PBXProject section */
		405307A01C56C5CE00BFCA0D /* Project object */ = {
			isa = PBXProject;
			attributes = {
				LastUpgradeCheck = 0720;
				ORGANIZATIONNAME = "Claudio Yacarini";
				TargetAttributes = {
					405307A71C56C5CE00BFCA0D = {
						CreatedOnToolsVersion = 7.2;
					};
				};
			};
			buildConfigurationList = 405307A31C56C5CE00BFCA0D /* Build configuration list for PBXProject "basicoConsola" */;
			compatibilityVersion = "Xcode 3.2";
			developmentRegion = English;
			hasScannedForEncodings = 0;
			knownRegions = (
				en,
			);
			mainGroup = 4053079F1C56C5CE00BFCA0D;
			productRefGroup = 405307A91C56C5CE00BFCA0D /* Products */;
			projectDirPath = "";
			projectRoot = "";
			targets = (
				405307A71C56C5CE00BFCA0D /* basicoConsola */,
			);
		};
/* End PBXProject section */

/* Begin PBXSourcesBuildPhase section */
		405307A41C56C5CE00BFCA0D /* Sources */ = {
			isa = PBXSourcesBuildPhase;
			buildActionMask = 2147483647;
			files = (
				405307AC1C56C5CE00BFCA0D /* Cadenas.m in Sources */,
				405307BF1C56E02E00BFCA0D /* Animal.m in Sources */,
				405307B61C56D97E00BFCA0D /* Arrays.m in Sources */,
				405307C41C57E93B00BFCA0D /* Koala.m in Sources */,
				405307C71C57EBD700BFCA0D /* Animal+Exam.m in Sources */,
				405307B81C56DDF700BFCA0D /* CustomObjects.m in Sources */,
			);
			runOnlyForDeploymentPostprocessing = 0;
		};
/* End PBXSourcesBuildPhase section */

/* Begin XCBuildConfiguration section */
		405307AD1C56C5CE00BFCA0D /* Debug */ = {
			isa = XCBuildConfiguration;
			buildSettings = {
				ALWAYS_SEARCH_USER_PATHS = NO;
				CLANG_CXX_LANGUAGE_STANDARD = "gnu++0x";
				CLANG_CXX_LIBRARY = "libc++";
				CLANG_ENABLE_MODULES = YES;
				CLANG_ENABLE_OBJC_ARC = YES;
				CLANG_WARN_BOOL_CONVERSION = YES;
				CLANG_WARN_CONSTANT_CONVERSION = YES;
				CLANG_WARN_DIRECT_OBJC_ISA_USAGE = YES_ERROR;
				CLANG_WARN_EMPTY_BODY = YES;
				CLANG_WARN_ENUM_CONVERSION = YES;
				CLANG_WARN_INT_CONVERSION = YES;
				CLANG_WARN_OBJC_ROOT_CLASS = YES_ERROR;
				CLANG_WARN_UNREACHABLE_CODE = YES;
				CLANG_WARN__DUPLICATE_METHOD_MATCH = YES;
				CODE_SIGN_IDENTITY = "-";
				COPY_PHASE_STRIP = NO;
				DEBUG_INFORMATION_FORMAT = dwarf;
				ENABLE_STRICT_OBJC_MSGSEND = YES;
				ENABLE_TESTABILITY = YES;
				GCC_C_LANGUAGE_STANDARD = gnu99;
				GCC_DYNAMIC_NO_PIC = NO;
				GCC_NO_COMMON_BLOCKS = YES;
				GCC_OPTIMIZATION_LEVEL = 0;
				GCC_PREPROCESSOR_DEFINITIONS = (
					"DEBUG=1",
					"$(inherited)",
				);
				GCC_WARN_64_TO_32_BIT_CONVERSION = YES;
				GCC_WARN_ABOUT_RETURN_TYPE = YES_ERROR;
				GCC_WARN_UNDECLARED_SELECTOR = YES;
				GCC_WARN_UNINITIALIZED_AUTOS = YES_AGGRESSIVE;
				GCC_WARN_UNUSED_FUNCTION = YES;
				GCC_WARN_UNUSED_VARIABLE = YES;
				MACOSX_DEPLOYMENT_TARGET = 10.11;
				MTL_ENABLE_DEBUG_INFO = YES;
				ONLY_ACTIVE_ARCH = YES;
				SDKROOT = macosx;
			};
			name = Debug;
		};
		405307AE1C56C5CE00BFCA0D /* Release */ = {
			isa = XCBuildConfiguration;
			buildSettings = {
				ALWAYS_SEARCH_USER_PATHS = NO;
				CLANG_CXX_LANGUAGE_STANDARD = "gnu++0x";
				CLANG_CXX_LIBRARY = "libc++";
				CLANG_ENABLE_MODULES = YES;
				CLANG_ENABLE_OBJC_ARC = YES;
				CLANG_WARN_BOOL_CONVERSION = YES;
				CLANG_WARN_CONSTANT_CONVERSION = YES;
				CLANG_WARN_DIRECT_OBJC_ISA_USAGE = YES_ERROR;
				CLANG_WARN_EMPTY_BODY = YES;
				CLANG_WARN_ENUM_CONVERSION = YES;
				CLANG_WARN_INT_CONVERSION = YES;
				CLANG_WARN_OBJC_ROOT_CLASS = YES_ERROR;
				CLANG_WARN_UNREACHABLE_CODE = YES;
				CLANG_WARN__DUPLICATE_METHOD_MATCH = YES;
				CODE_SIGN_IDENTITY = "-";
				COPY_PHASE_STRIP = NO;
				DEBUG_INFORMATION_FORMAT = "dwarf-with-dsym";
				ENABLE_NS_ASSERTIONS = NO;
				ENABLE_STRICT_OBJC_MSGSEND = YES;
				GCC_C_LANGUAGE_STANDARD = gnu99;
				GCC_NO_COMMON_BLOCKS = YES;
				GCC_WARN_64_TO_32_BIT_CONVERSION = YES;
				GCC_WARN_ABOUT_RETURN_TYPE = YES_ERROR;
				GCC_WARN_UNDECLARED_SELECTOR = YES;
				GCC_WARN_UNINITIALIZED_AUTOS = YES_AGGRESSIVE;
				GCC_WARN_UNUSED_FUNCTION = YES;
				GCC_WARN_UNUSED_VARIABLE = YES;
				MACOSX_DEPLOYMENT_TARGET = 10.11;
				MTL_ENABLE_DEBUG_INFO = NO;
				SDKROOT = macosx;
			};
			name = Release;
		};
		405307B01C56C5CE00BFCA0D /* Debug */ = {
			isa = XCBuildConfiguration;
			buildSettings = {
				PRODUCT_NAME = "$(TARGET_NAME)";
			};
			name = Debug;
		};
		405307B11C56C5CE00BFCA0D /* Release */ = {
			isa = XCBuildConfiguration;
			buildSettings = {
				PRODUCT_NAME = "$(TARGET_NAME)";
			};
			name = Release;
		};
/* End XCBuildConfiguration section */

/* Begin XCConfigurationList section */
		405307A31C56C5CE00BFCA0D /* Build configuration list for PBXProject "basicoConsola" */ = {
			isa = XCConfigurationList;
			buildConfigurations = (
				405307AD1C56C5CE00BFCA0D /* Debug */,
				405307AE1C56C5CE00BFCA0D /* Release */,
			);
			defaultConfigurationIsVisible = 0;
			defaultConfigurationName = Release;
		};
		405307AF1C56C5CE00BFCA0D /* Build configuration list for PBXNativeTarget "basicoConsola" */ = {
			isa = XCConfigurationList;
			buildConfigurations = (
				405307B01C56C5CE00BFCA0D /* Debug */,
				405307B11C56C5CE00BFCA0D /* Release */,
			);
			defaultConfigurationIsVisible = 0;
		};
/* End XCConfigurationList section */
	};
	rootObject = 405307A01C56C5CE00BFCA0D /* Project object */;
}
